
Microsoft Visual Studio Solution File, Format Version 12.00
# Visual Studio Version 17
VisualStudioVersion = 17.14.36414.22 d17.14
MinimumVisualStudioVersion = 10.0.40219.1
Project("{FAE04EC0-301F-11D3-BF4B-00C04F79EFBC}") = "Exercise9", "Exercise9.csproj", "{A9E365A3-E481-402C-B14C-88E6EFF05739}"
EndProject
Global
	GlobalSection(SolutionConfigurationPlatforms) = preSolution
		Debug|Any CPU = Debug|Any CPU
		Release|Any CPU = Release|Any CPU
	EndGlobalSection
	GlobalSection(ProjectConfigurationPlatforms) = postSolution
		{A9E365A3-E481-402C-B14C-88E6EFF05739}.Debug|Any CPU.ActiveCfg = Debug|Any CPU
		{A9E365A3-E481-402C-B14C-88E6EFF05739}.Debug|Any CPU.Build.0 = Debug|Any CPU
		{A9E365A3-E481-402C-B14C-88E6EFF05739}.Release|Any CPU.ActiveCfg = Release|Any CPU
		{A9E365A3-E481-402C-B14C-88E6EFF05739}.Release|Any CPU.Build.0 = Release|Any CPU
	EndGlobalSection
	GlobalSection(SolutionProperties) = preSolution
		HideSolutionNode = FALSE
	EndGlobalSection
	GlobalSection(ExtensibilityGlobals) = postSolution
		SolutionGuid = {42D38AF0-7994-464B-8672-3534432D5D55}
	EndGlobalSection
EndGlobal
